
Microsoft Visual Studio Solution File, Format Version 12.00
# Visual Studio Version 16
VisualStudioVersion = 16.0.30621.155
MinimumVisualStudioVersion = 10.0.40219.1
Project("{9A19103F-16F7-4668-BE54-9A1E7A4F7556}") = "SYGESTMunicipalSync", "SYGESTMunicipalSync.csproj", "{70469940-5ADD-410C-AB09-83D931C49F42}"
EndProject
Global
	GlobalSection(SolutionConfigurationPlatforms) = preSolution
		Debug|Any CPU = Debug|Any CPU
		Release|Any CPU = Release|Any CPU
	EndGlobalSection
	GlobalSection(ProjectConfigurationPlatforms) = postSolution
		{70469940-5ADD-410C-AB09-83D931C49F42}.Debug|Any CPU.ActiveCfg = Debug|Any CPU
		{70469940-5ADD-410C-AB09-83D931C49F42}.Debug|Any CPU.Build.0 = Debug|Any CPU
		{70469940-5ADD-410C-AB09-83D931C49F42}.Release|Any CPU.ActiveCfg = Release|Any CPU
		{70469940-5ADD-410C-AB09-83D931C49F42}.Release|Any CPU.Build.0 = Release|Any CPU
	EndGlobalSection
	GlobalSection(SolutionProperties) = preSolution
		HideSolutionNode = FALSE
	EndGlobalSection
	GlobalSection(ExtensibilityGlobals) = postSolution
		SolutionGuid = {DC4ED9E8-CA3D-4BF6-9C8F-84E7187FACD5}
	EndGlobalSection
EndGlobal
